
Microsoft Visual Studio Solution File, Format Version 12.00
# Visual Studio Version 16
VisualStudioVersion = 16.0.29806.167
MinimumVisualStudioVersion = 10.0.40219.1
Project("{8BC9CEB8-8B4A-11D0-8D11-00A0C91BC942}") = "SmeshMikeTL", "SmeshMikeTL.vcxproj", "{40EBE4BD-9825-468B-9819-AB85C32E4039}"
EndProject
Global
	GlobalSection(SolutionConfigurationPlatforms) = preSolution
		Debug|x64 = Debug|x64
		Debug|x86 = Debug|x86
		Release|x64 = Release|x64
		Release|x86 = Release|x86
	EndGlobalSection
	GlobalSection(ProjectConfigurationPlatforms) = postSolution
		{40EBE4BD-9825-468B-9819-AB85C32E4039}.Debug|x64.ActiveCfg = Debug|x64
		{40EBE4BD-9825-468B-9819-AB85C32E4039}.Debug|x64.Build.0 = Debug|x64
		{40EBE4BD-9825-468B-9819-AB85C32E4039}.Debug|x86.ActiveCfg = Debug|Win32
		{40EBE4BD-9825-468B-9819-AB85C32E4039}.Debug|x86.Build.0 = Debug|Win32
		{40EBE4BD-9825-468B-9819-AB85C32E4039}.Release|x64.ActiveCfg = Release|x64
		{40EBE4BD-9825-468B-9819-AB85C32E4039}.Release|x64.Build.0 = Release|x64
		{40EBE4BD-9825-468B-9819-AB85C32E4039}.Release|x86.ActiveCfg = Release|Win32
		{40EBE4BD-9825-468B-9819-AB85C32E4039}.Release|x86.Build.0 = Release|Win32
	EndGlobalSection
	GlobalSection(SolutionProperties) = preSolution
		HideSolutionNode = FALSE
	EndGlobalSection
	GlobalSection(ExtensibilityGlobals) = postSolution
		SolutionGuid = {8A4470C0-C604-4DC6-8703-4D558C3DED27}
	EndGlobalSection
EndGlobal
