
Microsoft Visual Studio Solution File, Format Version 12.00
# Visual Studio Version 16
VisualStudioVersion = 16.0.29920.165
MinimumVisualStudioVersion = 10.0.40219.1
Project("{8BC9CEB8-8B4A-11D0-8D11-00A0C91BC942}") = "Sln", "Sln.vcxproj", "{41DE4F30-010D-40F8-A416-8E50A50F9A75}"
EndProject
Global
	GlobalSection(SolutionConfigurationPlatforms) = preSolution
		Debug|x64 = Debug|x64
		Debug|x86 = Debug|x86
		Release|x64 = Release|x64
		Release|x86 = Release|x86
	EndGlobalSection
	GlobalSection(ProjectConfigurationPlatforms) = postSolution
		{41DE4F30-010D-40F8-A416-8E50A50F9A75}.Debug|x64.ActiveCfg = Debug|x64
		{41DE4F30-010D-40F8-A416-8E50A50F9A75}.Debug|x64.Build.0 = Debug|x64
		{41DE4F30-010D-40F8-A416-8E50A50F9A75}.Debug|x86.ActiveCfg = Debug|Win32
		{41DE4F30-010D-40F8-A416-8E50A50F9A75}.Debug|x86.Build.0 = Debug|Win32
		{41DE4F30-010D-40F8-A416-8E50A50F9A75}.Release|x64.ActiveCfg = Release|x64
		{41DE4F30-010D-40F8-A416-8E50A50F9A75}.Release|x64.Build.0 = Release|x64
		{41DE4F30-010D-40F8-A416-8E50A50F9A75}.Release|x86.ActiveCfg = Release|Win32
		{41DE4F30-010D-40F8-A416-8E50A50F9A75}.Release|x86.Build.0 = Release|Win32
	EndGlobalSection
	GlobalSection(SolutionProperties) = preSolution
		HideSolutionNode = FALSE
	EndGlobalSection
	GlobalSection(ExtensibilityGlobals) = postSolution
		SolutionGuid = {1023C56A-1FD0-425C-9958-6CF37485EDE4}
	EndGlobalSection
EndGlobal
